
Microsoft Visual Studio Solution File, Format Version 12.00
# Visual Studio Version 17
VisualStudioVersion = 17.1.32328.378
MinimumVisualStudioVersion = 10.0.40219.1
Project("{9A19103F-16F7-4668-BE54-9A1E7A4F7556}") = "WebServer", "WebServer\WebServer.csproj", "{8C7D9582-22D2-4138-BD86-E43BBB39855E}"
EndProject
Project("{9A19103F-16F7-4668-BE54-9A1E7A4F7556}") = "BlazorApp1", "BlazorApp1\BlazorApp1.csproj", "{13925FD2-5842-4309-A388-46D44E297E05}"
EndProject
Global
	GlobalSection(SolutionConfigurationPlatforms) = preSolution
		Debug|Any CPU = Debug|Any CPU
		Release|Any CPU = Release|Any CPU
	EndGlobalSection
	GlobalSection(ProjectConfigurationPlatforms) = postSolution
		{8C7D9582-22D2-4138-BD86-E43BBB39855E}.Debug|Any CPU.ActiveCfg = Debug|Any CPU
		{8C7D9582-22D2-4138-BD86-E43BBB39855E}.Debug|Any CPU.Build.0 = Debug|Any CPU
		{8C7D9582-22D2-4138-BD86-E43BBB39855E}.Release|Any CPU.ActiveCfg = Release|Any CPU
		{8C7D9582-22D2-4138-BD86-E43BBB39855E}.Release|Any CPU.Build.0 = Release|Any CPU
		{13925FD2-5842-4309-A388-46D44E297E05}.Debug|Any CPU.ActiveCfg = Debug|Any CPU
		{13925FD2-5842-4309-A388-46D44E297E05}.Debug|Any CPU.Build.0 = Debug|Any CPU
		{13925FD2-5842-4309-A388-46D44E297E05}.Release|Any CPU.ActiveCfg = Release|Any CPU
		{13925FD2-5842-4309-A388-46D44E297E05}.Release|Any CPU.Build.0 = Release|Any CPU
	EndGlobalSection
	GlobalSection(SolutionProperties) = preSolution
		HideSolutionNode = FALSE
	EndGlobalSection
	GlobalSection(ExtensibilityGlobals) = postSolution
		SolutionGuid = {B88144B7-D2EF-4624-9A66-77C10661ACD9}
	EndGlobalSection
EndGlobal
